Microsoft Visual Studio Solution File, Format Version 12.00
# Visual Studio Version 17
VisualStudioVersion = 17.14.36705.20
MinimumVisualStudioVersion = 10.0.40219.1
Project("{FAE04EC0-301F-11D3-BF4B-00C04F79EFBC}") = "LabProject.Api", "LabProject.Api\LabProject.Api.csproj", "{49C00B5E-86BC-48BD-9C53-C8B540E2DB60}"
EndProject
Project("{FAE04EC0-301F-11D3-BF4B-00C04F79EFBC}") = "LabProject.Application", "LabProject.Application\LabProject.Application.csproj", "{89CC949C-BF55-4682-9E38-AB0D06B832BF}"
EndProject
Project("{FAE04EC0-301F-11D3-BF4B-00C04F79EFBC}") = "LabProject.Domain", "LabProject.Domain\LabProject.Domain.csproj", "{67372BE7-34A5-4C42-BEAF-14009B68BE79}"
EndProject
Project("{FAE04EC0-301F-11D3-BF4B-00C04F79EFBC}") = "LabProject.Infrastructure", "LabProject.Infrastructure\LabProject.Infrastructure.csproj", "{3A7DA52F-764D-4D76-AD10-8716CD142B5B}"
EndProject
Project("{FAE04EC0-301F-11D3-BF4B-00C04F79EFBC}") = "LabProject.Web", "LabProject.csproj", "{5A2F6D44-0AA8-4E79-8D2F-2EFA0D2D7B8F}"
EndProject
Global
	GlobalSection(SolutionConfigurationPlatforms) = preSolution
		Debug|Any CPU = Debug|Any CPU
		Release|Any CPU = Release|Any CPU
	EndGlobalSection
	GlobalSection(ProjectConfigurationPlatforms) = postSolution
		{49C00B5E-86BC-48BD-9C53-C8B540E2DB60}.Debug|Any CPU.ActiveCfg = Debug|Any CPU
		{49C00B5E-86BC-48BD-9C53-C8B540E2DB60}.Debug|Any CPU.Build.0 = Debug|Any CPU
		{49C00B5E-86BC-48BD-9C53-C8B540E2DB60}.Release|Any CPU.ActiveCfg = Release|Any CPU
		{49C00B5E-86BC-48BD-9C53-C8B540E2DB60}.Release|Any CPU.Build.0 = Release|Any CPU
		{89CC949C-BF55-4682-9E38-AB0D06B832BF}.Debug|Any CPU.ActiveCfg = Debug|Any CPU
		{89CC949C-BF55-4682-9E38-AB0D06B832BF}.Debug|Any CPU.Build.0 = Debug|Any CPU
		{89CC949C-BF55-4682-9E38-AB0D06B832BF}.Release|Any CPU.ActiveCfg = Release|Any CPU
		{89CC949C-BF55-4682-9E38-AB0D06B832BF}.Release|Any CPU.Build.0 = Release|Any CPU
		{67372BE7-34A5-4C42-BEAF-14009B68BE79}.Debug|Any CPU.ActiveCfg = Debug|Any CPU
		{67372BE7-34A5-4C42-BEAF-14009B68BE79}.Debug|Any CPU.Build.0 = Debug|Any CPU
		{67372BE7-34A5-4C42-BEAF-14009B68BE79}.Release|Any CPU.ActiveCfg = Release|Any CPU
		{67372BE7-34A5-4C42-BEAF-14009B68BE79}.Release|Any CPU.Build.0 = Release|Any CPU
		{3A7DA52F-764D-4D76-AD10-8716CD142B5B}.Debug|Any CPU.ActiveCfg = Debug|Any CPU
		{3A7DA52F-764D-4D76-AD10-8716CD142B5B}.Debug|Any CPU.Build.0 = Debug|Any CPU
		{3A7DA52F-764D-4D76-AD10-8716CD142B5B}.Release|Any CPU.ActiveCfg = Release|Any CPU
		{3A7DA52F-764D-4D76-AD10-8716CD142B5B}.Release|Any CPU.Build.0 = Release|Any CPU
		{5A2F6D44-0AA8-4E79-8D2F-2EFA0D2D7B8F}.Debug|Any CPU.ActiveCfg = Debug|Any CPU
		{5A2F6D44-0AA8-4E79-8D2F-2EFA0D2D7B8F}.Debug|Any CPU.Build.0 = Debug|Any CPU
		{5A2F6D44-0AA8-4E79-8D2F-2EFA0D2D7B8F}.Release|Any CPU.ActiveCfg = Release|Any CPU
		{5A2F6D44-0AA8-4E79-8D2F-2EFA0D2D7B8F}.Release|Any CPU.Build.0 = Release|Any CPU
	EndGlobalSection
	GlobalSection(SolutionProperties) = preSolution
		HideSolutionNode = FALSE
	EndGlobalSection
	GlobalSection(ExtensibilityGlobals) = postSolution
		                SolutionGuid = {96AA3D83-EA6A-4AB1-A0AB-5967D86C7F87}
	EndGlobalSection
EndGlobal
